
Microsoft Visual Studio Solution File, Format Version 12.00
# Visual Studio 15
VisualStudioVersion = 15.0.27428.2027
MinimumVisualStudioVersion = 10.0.40219.1
Project("{9A19103F-16F7-4668-BE54-9A1E7A4F7556}") = "BolaoSocial.Api", "BolaoSocial.Api\BolaoSocial.Api.csproj", "{6AC94726-6C7D-4DAD-A2D1-CBEA15CC6FEF}"
EndProject
Project("{9A19103F-16F7-4668-BE54-9A1E7A4F7556}") = "BolaoSocial.Data", "BolaoSocial.Data\BolaoSocial.Data.csproj", "{CA0C8E97-C18D-4444-AB2E-9BE194D93FD4}"
EndProject
Project("{9A19103F-16F7-4668-BE54-9A1E7A4F7556}") = "BolaoSocial.Shared", "BolaoSocial.Shared\BolaoSocial.Shared.csproj", "{DF78B4DA-968D-4EB7-B403-15F6773AC24E}"
EndProject
Project("{9A19103F-16F7-4668-BE54-9A1E7A4F7556}") = "BolaoSocial.Data.EFCoreMigrations", "BolaoSocial.Data.EFCoreMigrations\BolaoSocial.Data.EFCoreMigrations.csproj", "{AA3E054D-648F-4F20-A124-B1DE900B1C66}"
EndProject
Project("{FAE04EC0-301F-11D3-BF4B-00C04F79EFBC}") = "BolaoSocial.Console", "BolaoSocial.Console\BolaoSocial.Console.csproj", "{84DC1AAF-3BED-4C6B-B8FC-4C7E630400F0}"
EndProject
Global
	GlobalSection(SolutionConfigurationPlatforms) = preSolution
		Debug|Any CPU = Debug|Any CPU
		Release|Any CPU = Release|Any CPU
	EndGlobalSection
	GlobalSection(ProjectConfigurationPlatforms) = postSolution
		{6AC94726-6C7D-4DAD-A2D1-CBEA15CC6FEF}.Debug|Any CPU.ActiveCfg = Debug|Any CPU
		{6AC94726-6C7D-4DAD-A2D1-CBEA15CC6FEF}.Debug|Any CPU.Build.0 = Debug|Any CPU
		{6AC94726-6C7D-4DAD-A2D1-CBEA15CC6FEF}.Release|Any CPU.ActiveCfg = Release|Any CPU
		{6AC94726-6C7D-4DAD-A2D1-CBEA15CC6FEF}.Release|Any CPU.Build.0 = Release|Any CPU
		{CA0C8E97-C18D-4444-AB2E-9BE194D93FD4}.Debug|Any CPU.ActiveCfg = Debug|Any CPU
		{CA0C8E97-C18D-4444-AB2E-9BE194D93FD4}.Debug|Any CPU.Build.0 = Debug|Any CPU
		{CA0C8E97-C18D-4444-AB2E-9BE194D93FD4}.Release|Any CPU.ActiveCfg = Release|Any CPU
		{CA0C8E97-C18D-4444-AB2E-9BE194D93FD4}.Release|Any CPU.Build.0 = Release|Any CPU
		{DF78B4DA-968D-4EB7-B403-15F6773AC24E}.Debug|Any CPU.ActiveCfg = Debug|Any CPU
		{DF78B4DA-968D-4EB7-B403-15F6773AC24E}.Debug|Any CPU.Build.0 = Debug|Any CPU
		{DF78B4DA-968D-4EB7-B403-15F6773AC24E}.Release|Any CPU.ActiveCfg = Release|Any CPU
		{DF78B4DA-968D-4EB7-B403-15F6773AC24E}.Release|Any CPU.Build.0 = Release|Any CPU
		{AA3E054D-648F-4F20-A124-B1DE900B1C66}.Debug|Any CPU.ActiveCfg = Debug|Any CPU
		{AA3E054D-648F-4F20-A124-B1DE900B1C66}.Debug|Any CPU.Build.0 = Debug|Any CPU
		{AA3E054D-648F-4F20-A124-B1DE900B1C66}.Release|Any CPU.ActiveCfg = Release|Any CPU
		{AA3E054D-648F-4F20-A124-B1DE900B1C66}.Release|Any CPU.Build.0 = Release|Any CPU
		{84DC1AAF-3BED-4C6B-B8FC-4C7E630400F0}.Debug|Any CPU.ActiveCfg = Debug|Any CPU
		{84DC1AAF-3BED-4C6B-B8FC-4C7E630400F0}.Debug|Any CPU.Build.0 = Debug|Any CPU
		{84DC1AAF-3BED-4C6B-B8FC-4C7E630400F0}.Release|Any CPU.ActiveCfg = Release|Any CPU
		{84DC1AAF-3BED-4C6B-B8FC-4C7E630400F0}.Release|Any CPU.Build.0 = Release|Any CPU
	EndGlobalSection
	GlobalSection(SolutionProperties) = preSolution
		HideSolutionNode = FALSE
	EndGlobalSection
	GlobalSection(ExtensibilityGlobals) = postSolution
		SolutionGuid = {0CC3C928-07E1-4763-9031-0BA7BB411FE4}
	EndGlobalSection
EndGlobal
